<?xml version="1.0" encoding="utf-8"?>
<Project ToolsVersion="4.0" xmlns="http://schemas.microsoft.com/developer/msbuild/2003">
  <ItemGroup>
    <Filter Include="あまり変更しない">
      <UniqueIdentifier>{f8844b84-bcbb-4e1f-b9e7-75c01b5c2f8c}</UniqueIdentifier>
    </Filter>
    <Filter Include="あまり変更しない\Resource Files">
      <UniqueIdentifier>{9294db98-f3dc-4610-ae82-a00fd9f2d426}</UniqueIdentifier>
    </Filter>
    <Filter Include="ツリー＆データ">
      <UniqueIdentifier>{1ed713bf-7878-4eea-9012-ce8f71ad703e}</UniqueIdentifier>
    </Filter>
    <Filter Include="メインC++">
      <UniqueIdentifier>{35c21cb0-3610-440f-94dc-7ebcff62bc55}</UniqueIdentifier>
    </Filter>
    <Filter Include="メインヘッダ">
      <UniqueIdentifier>{1315e66c-a4a6-42ca-839f-251118e75869}</UniqueIdentifier>
    </Filter>
    <Filter Include="一般クラス">
      <UniqueIdentifier>{70d8db3f-5d31-46af-ab26-f2591478f602}</UniqueIdentifier>
    </Filter>
    <Filter Include="機能ダイアログ">
      <UniqueIdentifier>{0afa0706-2c95-4f6c-a76a-a8c1d1004fc0}</UniqueIdentifier>
    </Filter>
    <Filter Include="設定クラス">
      <UniqueIdentifier>{ddfa7c7b-77a0-4af4-a6c1-e87c596ac7a5}</UniqueIdentifier>
    </Filter>
    <Filter Include="設定クラス\ダイアログ">
      <UniqueIdentifier>{adf5f5cc-f690-47d6-880b-2660034c626d}</UniqueIdentifier>
    </Filter>
  </ItemGroup>
  <ItemGroup>
    <ClCompile Include="Charu3.cpp">
      <Filter>メインC++</Filter>
    </ClCompile>
    <ClCompile Include="MainFrm.cpp">
      <Filter>メインC++</Filter>
    </ClCompile>
    <ClCompile Include="OptEtc.cpp">
      <Filter>設定クラス\ダイアログ</Filter>
    </ClCompile>
    <ClCompile Include="OptFifo.cpp">
      <Filter>設定クラス\ダイアログ</Filter>
    </ClCompile>
    <ClCompile Include="OptKeySet.cpp">
      <Filter>設定クラス\ダイアログ</Filter>
    </ClCompile>
    <ClCompile Include="OptKeySetEditDlg.cpp">
      <Filter>設定クラス\ダイアログ</Filter>
    </ClCompile>
    <ClCompile Include="OptMainDialog.cpp">
      <Filter>設定クラス\ダイアログ</Filter>
    </ClCompile>
    <ClCompile Include="OptPopup.cpp">
      <Filter>設定クラス\ダイアログ</Filter>
    </ClCompile>
    <ClCompile Include="OptVisual.cpp">
      <Filter>設定クラス\ダイアログ</Filter>
    </ClCompile>
    <ClCompile Include="ClipBord.cpp">
      <Filter>一般クラス</Filter>
    </ClCompile>
    <ClCompile Include="General.cpp">
      <Filter>一般クラス</Filter>
    </ClCompile>
    <ClCompile Include="MyEditCtrl.cpp">
      <Filter>一般クラス</Filter>
    </ClCompile>
    <ClCompile Include="PaletStatic.cpp">
      <Filter>一般クラス</Filter>
    </ClCompile>
    <ClCompile Include="StringWork.cpp">
      <Filter>一般クラス</Filter>
    </ClCompile>
    <ClCompile Include="AddDialog.cpp">
      <Filter>機能ダイアログ</Filter>
    </ClCompile>
    <ClCompile Include="EditDialog.cpp">
      <Filter>機能ダイアログ</Filter>
    </ClCompile>
    <ClCompile Include="MyFileDialog.cpp">
      <Filter>機能ダイアログ</Filter>
    </ClCompile>
    <ClCompile Include="SerchDialog.cpp">
      <Filter>機能ダイアログ</Filter>
    </ClCompile>
    <ClCompile Include="Init.cpp">
      <Filter>設定クラス</Filter>
    </ClCompile>
    <ClCompile Include="MyHotkeyCtrl.cpp">
      <Filter>設定クラス</Filter>
    </ClCompile>
    <ClCompile Include="ChildView.cpp">
      <Filter>あまり変更しない</Filter>
    </ClCompile>
    <ClCompile Include="StdAfx.cpp">
      <Filter>あまり変更しない</Filter>
    </ClCompile>
    <ClCompile Include="Charu3Tree.cpp">
      <Filter>ツリー＆データ</Filter>
    </ClCompile>
    <ClCompile Include="MyTreeDialog.cpp">
      <Filter>ツリー＆データ</Filter>
    </ClCompile>
  </ItemGroup>
  <ItemGroup>
    <ClInclude Include="Charu3.h">
      <Filter>メインヘッダ</Filter>
    </ClInclude>
    <ClInclude Include="MainFrm.h">
      <Filter>メインヘッダ</Filter>
    </ClInclude>
    <ClInclude Include="OptEtc.h">
      <Filter>設定クラス\ダイアログ</Filter>
    </ClInclude>
    <ClInclude Include="OptFifo.h">
      <Filter>設定クラス\ダイアログ</Filter>
    </ClInclude>
    <ClInclude Include="OptKeySet.h">
      <Filter>設定クラス\ダイアログ</Filter>
    </ClInclude>
    <ClInclude Include="OptKeySetEditDlg.h">
      <Filter>設定クラス\ダイアログ</Filter>
    </ClInclude>
    <ClInclude Include="OptMainDialog.h">
      <Filter>設定クラス\ダイアログ</Filter>
    </ClInclude>
    <ClInclude Include="OptPopup.h">
      <Filter>設定クラス\ダイアログ</Filter>
    </ClInclude>
    <ClInclude Include="OptVisual.h">
      <Filter>設定クラス\ダイアログ</Filter>
    </ClInclude>
    <ClInclude Include="ClipBord.h">
      <Filter>一般クラス</Filter>
    </ClInclude>
    <ClInclude Include="General.h">
      <Filter>一般クラス</Filter>
    </ClInclude>
    <ClInclude Include="MyEditCtrl.h">
      <Filter>一般クラス</Filter>
    </ClInclude>
    <ClInclude Include="PaletStatic.h">
      <Filter>一般クラス</Filter>
    </ClInclude>
    <ClInclude Include="StringWork.h">
      <Filter>一般クラス</Filter>
    </ClInclude>
    <ClInclude Include="AddDialog.h">
      <Filter>機能ダイアログ</Filter>
    </ClInclude>
    <ClInclude Include="EditDialog.h">
      <Filter>機能ダイアログ</Filter>
    </ClInclude>
    <ClInclude Include="MyFileDialog.h">
      <Filter>機能ダイアログ</Filter>
    </ClInclude>
    <ClInclude Include="SerchDialog.h">
      <Filter>機能ダイアログ</Filter>
    </ClInclude>
    <ClInclude Include="Init.h">
      <Filter>設定クラス</Filter>
    </ClInclude>
    <ClInclude Include="MyHotkeyCtrl.h">
      <Filter>設定クラス</Filter>
    </ClInclude>
    <ClInclude Include="ChildView.h">
      <Filter>あまり変更しない</Filter>
    </ClInclude>
    <ClInclude Include="resource.h">
      <Filter>あまり変更しない</Filter>
    </ClInclude>
    <ClInclude Include="StdAfx.h">
      <Filter>あまり変更しない</Filter>
    </ClInclude>
    <ClInclude Include="Charu3Tree.h">
      <Filter>ツリー＆データ</Filter>
    </ClInclude>
    <ClInclude Include="MyTreeDialog.h">
      <Filter>ツリー＆データ</Filter>
    </ClInclude>
  </ItemGroup>
  <ItemGroup>
    <ResourceCompile Include="Charu3.rc">
      <Filter>メインC++</Filter>
    </ResourceCompile>
  </ItemGroup>
  <ItemGroup>
    <Image Include="res\c2p256_16_run.ico">
      <Filter>あまり変更しない\Resource Files</Filter>
    </Image>
    <Image Include="res\c2p256_16_stop.ico">
      <Filter>あまり変更しない\Resource Files</Filter>
    </Image>
    <Image Include="res\Charu2_aqua.ico">
      <Filter>あまり変更しない\Resource Files</Filter>
    </Image>
    <Image Include="res\ico00001.ico">
      <Filter>あまり変更しない\Resource Files</Filter>
    </Image>
    <Image Include="res\icon1.ico">
      <Filter>あまり変更しない\Resource Files</Filter>
    </Image>
    <Image Include="res\itemIcon.bmp">
      <Filter>あまり変更しない\Resource Files</Filter>
    </Image>
    <Image Include="res\itemIconPink.bmp">
      <Filter>あまり変更しない\Resource Files</Filter>
    </Image>
    <Image Include="res\Charu3-SE.ico">
      <Filter>あまり変更しない\Resource Files</Filter>
    </Image>
  </ItemGroup>
  <ItemGroup>
    <None Include="res\Charu3.rc2">
      <Filter>あまり変更しない\Resource Files</Filter>
    </None>
  </ItemGroup>
</Project>