<?xml version="1.0" encoding="utf-8"?>
<Project ToolsVersion="4.0" xmlns="http://schemas.microsoft.com/developer/msbuild/2003">
  <ItemGroup>
    <Filter Include="Source File">
      <UniqueIdentifier>{2eaf717e-defb-4a13-8937-88a9c5319880}</UniqueIdentifier>
    </Filter>
    <Filter Include="Resource Files">
      <UniqueIdentifier>{79ca01e1-9d81-4115-b686-e37e586d94c0}</UniqueIdentifier>
    </Filter>
  </ItemGroup>
  <ItemGroup>
    <ClCompile Include="C3Simple.cpp">
      <Filter>Source File</Filter>
    </ClCompile>
    <ClCompile Include="StdAfx.cpp">
      <Filter>Source File</Filter>
    </ClCompile>
  </ItemGroup>
  <ItemGroup>
    <ClInclude Include="C3Simple.h">
      <Filter>Source File</Filter>
    </ClInclude>
    <ClInclude Include="resource.h">
      <Filter>Source File</Filter>
    </ClInclude>
    <ClInclude Include="StdAfx.h">
      <Filter>Source File</Filter>
    </ClInclude>
  </ItemGroup>
  <ItemGroup>
    <ResourceCompile Include="C3Simple.rc">
      <Filter>Source File</Filter>
    </ResourceCompile>
  </ItemGroup>
  <ItemGroup>
    <Image Include="res\c2p256_16_run.ico">
      <Filter>Resource Files</Filter>
    </Image>
    <Image Include="res\c2p256_16_stop.ico">
      <Filter>Resource Files</Filter>
    </Image>
    <Image Include="res\Charu3.ico">
      <Filter>Resource Files</Filter>
    </Image>
    <Image Include="res\ico00001.ico">
      <Filter>Resource Files</Filter>
    </Image>
    <Image Include="res\icon1.ico">
      <Filter>Resource Files</Filter>
    </Image>
    <Image Include="res\itemIcon.bmp">
      <Filter>Resource Files</Filter>
    </Image>
    <Image Include="res\itemIconPink.bmp">
      <Filter>Resource Files</Filter>
    </Image>
    <Image Include="res\itemIconSimple.bmp">
      <Filter>Resource Files</Filter>
    </Image>
  </ItemGroup>
  <ItemGroup>
    <None Include="res\C3Simple.rc2">
      <Filter>Resource Files</Filter>
    </None>
  </ItemGroup>
  <ItemGroup>
    <Text Include="ReadMe.txt" />
  </ItemGroup>
</Project>